
Microsoft Visual Studio Solution File, Format Version 12.00
# Visual Studio Version 17
VisualStudioVersion = 17.14.36221.1 d17.14
MinimumVisualStudioVersion = 10.0.40219.1
Project("{FAE04EC0-301F-11D3-BF4B-00C04F79EFBC}") = "ConsoleApp6", "ConsoleApp6\ConsoleApp6.csproj", "{A15C88E4-2E27-4EDC-88F4-4F252D0BD9BB}"
EndProject
Global
	GlobalSection(SolutionConfigurationPlatforms) = preSolution
		Debug|Any CPU = Debug|Any CPU
		Release|Any CPU = Release|Any CPU
	EndGlobalSection
	GlobalSection(ProjectConfigurationPlatforms) = postSolution
		{A15C88E4-2E27-4EDC-88F4-4F252D0BD9BB}.Debug|Any CPU.ActiveCfg = Debug|Any CPU
		{A15C88E4-2E27-4EDC-88F4-4F252D0BD9BB}.Debug|Any CPU.Build.0 = Debug|Any CPU
		{A15C88E4-2E27-4EDC-88F4-4F252D0BD9BB}.Release|Any CPU.ActiveCfg = Release|Any CPU
		{A15C88E4-2E27-4EDC-88F4-4F252D0BD9BB}.Release|Any CPU.Build.0 = Release|Any CPU
	EndGlobalSection
	GlobalSection(SolutionProperties) = preSolution
		HideSolutionNode = FALSE
	EndGlobalSection
	GlobalSection(ExtensibilityGlobals) = postSolution
		SolutionGuid = {264677E7-CF97-46D1-B821-FF29ABA46C58}
	EndGlobalSection
EndGlobal
